
Microsoft Visual Studio Solution File, Format Version 12.00
# Visual Studio Version 17
VisualStudioVersion = 17.14.36623.8
MinimumVisualStudioVersion = 10.0.40219.1
Project("{FAE04EC0-301F-11D3-BF4B-00C04F79EFBC}") = "UnitConverter", "UnitConverter\UnitConverter.csproj", "{704947C3-BBD8-4CDA-990D-0386BD0A0FE3}"
EndProject
Global
	GlobalSection(SolutionConfigurationPlatforms) = preSolution
		Debug|Any CPU = Debug|Any CPU
		Release|Any CPU = Release|Any CPU
	EndGlobalSection
	GlobalSection(ProjectConfigurationPlatforms) = postSolution
		{704947C3-BBD8-4CDA-990D-0386BD0A0FE3}.Debug|Any CPU.ActiveCfg = Debug|Any CPU
		{704947C3-BBD8-4CDA-990D-0386BD0A0FE3}.Debug|Any CPU.Build.0 = Debug|Any CPU
		{704947C3-BBD8-4CDA-990D-0386BD0A0FE3}.Debug|Any CPU.Deploy.0 = Debug|Any CPU
		{704947C3-BBD8-4CDA-990D-0386BD0A0FE3}.Release|Any CPU.ActiveCfg = Release|Any CPU
		{704947C3-BBD8-4CDA-990D-0386BD0A0FE3}.Release|Any CPU.Build.0 = Release|Any CPU
	EndGlobalSection
	GlobalSection(SolutionProperties) = preSolution
		HideSolutionNode = FALSE
	EndGlobalSection
	GlobalSection(ExtensibilityGlobals) = postSolution
		SolutionGuid = {269B683D-E041-4770-BA0F-2B6E6AA8EB02}
	EndGlobalSection
EndGlobal
